// !$*UTF8*$!
{
	archiveVersion = 1;
	classes = {
	};
	objectVersion = 46;
	objects = {

/* Begin PBXBuildFile section */
		098370651B4BC018003AF4C2 /* main.m in Sources */ = {isa = PBXBuildFile; fileRef = 098370641B4BC018003AF4C2 /* main.m */; };
		098370681B4BC018003AF4C2 /* AppDelegate.m in Sources */ = {isa = PBXBuildFile; fileRef = 098370671B4BC018003AF4C2 /* AppDelegate.m */; };
		0983706B1B4BC018003AF4C2 /* autoLayout____.xcdatamodeld in Sources */ = {isa = PBXBuildFile; fileRef = 098370691B4BC018003AF4C2 /* autoLayout____.xcdatamodeld */; };
		0983706E1B4BC018003AF4C2 /* ViewController.m in Sources */ = {isa = PBXBuildFile; fileRef = 0983706D1B4BC018003AF4C2 /* ViewController.m */; };
		098370731B4BC018003AF4C2 /* Images.xcassets in Resources */ = {isa = PBXBuildFile; fileRef = 098370721B4BC018003AF4C2 /* Images.xcassets */; };
		098370761B4BC018003AF4C2 /* LaunchScreen.xib in Resources */ = {isa = PBXBuildFile; fileRef = 098370741B4BC018003AF4C2 /* LaunchScreen.xib */; };
		098370821B4BC019003AF4C2 /* autoLayout____Tests.m in Sources */ = {isa = PBXBuildFile; fileRef = 098370811B4BC019003AF4C2 /* autoLayout____Tests.m */; };
		0983708C1B4BC072003AF4C2 /* ViewController.xib in Resources */ = {isa = PBXBuildFile; fileRef = 0983708B1B4BC072003AF4C2 /* ViewController.xib */; };
		0983708F1B4BCD12003AF4C2 /* NSLayoutConstraint+Extend.m in Sources */ = {isa = PBXBuildFile; fileRef = 0983708E1B4BCD12003AF4C2 /* NSLayoutConstraint+Extend.m */; };
/* End PBXBuildFile section */

/* Begin PBXContainerItemProxy section */
		0983707C1B4BC019003AF4C2 /* PBXContainerItemProxy */ = {
			isa = PBXContainerItemProxy;
			containerPortal = 098370571B4BC018003AF4C2 /* Project object */;
			proxyType = 1;
			remoteGlobalIDString = 0983705E1B4BC018003AF4C2;
			remoteInfo = "autoLayout登陆动画";
		};
/* End PBXContainerItemProxy section */

/* Begin PBXFileReference section */
		0983705F1B4BC018003AF4C2 /* autoLayout登陆动画.app */ = {isa = PBXFileReference; explicitFileType = wrapper.application; includeInIndex = 0; path = "autoLayout登陆动画.app"; sourceTree = BUILT_PRODUCTS_DIR; };
		098370631B4BC018003AF4C2 /* Info.plist */ = {isa = PBXFileReference; lastKnownFileType = text.plist.xml; path = Info.plist; sourceTree = "<group>"; };
		098370641B4BC018003AF4C2 /* main.m */ = {isa = PBXFileReference; lastKnownFileType = sourcecode.c.objc; path = main.m; sourceTree = "<group>"; };
		098370661B4BC018003AF4C2 /* AppDelegate.h */ = {isa = PBXFileReference; lastKnownFileType = sourcecode.c.h; path = AppDelegate.h; sourceTree = "<group>"; };
		098370671B4BC018003AF4C2 /* AppDelegate.m */ = {isa = PBXFileReference; lastKnownFileType = sourcecode.c.objc; path = AppDelegate.m; sourceTree = "<group>"; };
		0983706A1B4BC018003AF4C2 /* autoLayout____.xcdatamodel */ = {isa = PBXFileReference; lastKnownFileType = wrapper.xcdatamodel; path = "autoLayout____.xcdatamodel"; sourceTree = "<group>"; };
		0983706C1B4BC018003AF4C2 /* ViewController.h */ = {isa = PBXFileReference; lastKnownFileType = sourcecode.c.h; path = ViewController.h; sourceTree = "<group>"; };
		0983706D1B4BC018003AF4C2 /* ViewController.m */ = {isa = PBXFileReference; lastKnownFileType = sourcecode.c.objc; path = ViewController.m; sourceTree = "<group>"; };
		098370721B4BC018003AF4C2 /* Images.xcassets */ = {isa = PBXFileReference; lastKnownFileType = folder.assetcatalog; path = Images.xcassets; sourceTree = "<group>"; };
		098370751B4BC018003AF4C2 /* Base */ = {isa = PBXFileReference; lastKnownFileType = file.xib; name = Base; path = Base.lproj/LaunchScreen.xib; sourceTree = "<group>"; };
		0983707B1B4BC019003AF4C2 /* autoLayout登陆动画Tests.xctest */ = {isa = PBXFileReference; explicitFileType = wrapper.cfbundle; includeInIndex = 0; path = "autoLayout登陆动画Tests.xctest"; sourceTree = BUILT_PRODUCTS_DIR; };
		098370801B4BC019003AF4C2 /* Info.plist */ = {isa = PBXFileReference; lastKnownFileType = text.plist.xml; path = Info.plist; sourceTree = "<group>"; };
		098370811B4BC019003AF4C2 /* autoLayout____Tests.m */ = {isa = PBXFileReference; lastKnownFileType = sourcecode.c.objc; path = "autoLayout____Tests.m"; sourceTree = "<group>"; };
		0983708B1B4BC072003AF4C2 /* ViewController.xib */ = {isa = PBXFileReference; fileEncoding = 4; lastKnownFileType = file.xib; path = ViewController.xib; sourceTree = "<group>"; };
		0983708D1B4BCD12003AF4C2 /* NSLayoutConstraint+Extend.h */ = {isa = PBXFileReference; fileEncoding = 4; lastKnownFileType = sourcecode.c.h; path = "NSLayoutConstraint+Extend.h"; sourceTree = "<group>"; };
		0983708E1B4BCD12003AF4C2 /* NSLayoutConstraint+Extend.m */ = {isa = PBXFileReference; fileEncoding = 4; lastKnownFileType = sourcecode.c.objc; path = "NSLayoutConstraint+Extend.m"; sourceTree = "<group>"; };
/* End PBXFileReference section */

/* Begin PBXFrameworksBuildPhase section */
		0983705C1B4BC018003AF4C2 /* Frameworks */ = {
			isa = PBXFrameworksBuildPhase;
			buildActionMask = 2147483647;
			files = (
			);
			runOnlyForDeploymentPostprocessing = 0;
		};
		098370781B4BC019003AF4C2 /* Frameworks */ = {
			isa = PBXFrameworksBuildPhase;
			buildActionMask = 2147483647;
			files = (
			);
			runOnlyForDeploymentPostprocessing = 0;
		};
/* End PBXFrameworksBuildPhase section */

/* Begin PBXGroup section */
		098370561B4BC018003AF4C2 = {
			isa = PBXGroup;
			children = (
				098370611B4BC018003AF4C2 /* autoLayout登陆动画 */,
				0983707E1B4BC019003AF4C2 /* autoLayout登陆动画Tests */,
				098370601B4BC018003AF4C2 /* Products */,
			);
			sourceTree = "<group>";
		};
		098370601B4BC018003AF4C2 /* Products */ = {
			isa = PBXGroup;
			children = (
				0983705F1B4BC018003AF4C2 /* autoLayout登陆动画.app */,
				0983707B1B4BC019003AF4C2 /* autoLayout登陆动画Tests.xctest */,
			);
			name = Products;
			sourceTree = "<group>";
		};
		098370611B4BC018003AF4C2 /* autoLayout登陆动画 */ = {
			isa = PBXGroup;
			children = (
				0983708D1B4BCD12003AF4C2 /* NSLayoutConstraint+Extend.h */,
				0983708E1B4BCD12003AF4C2 /* NSLayoutConstraint+Extend.m */,
				098370661B4BC018003AF4C2 /* AppDelegate.h */,
				098370671B4BC018003AF4C2 /* AppDelegate.m */,
				0983706C1B4BC018003AF4C2 /* ViewController.h */,
				0983706D1B4BC018003AF4C2 /* ViewController.m */,
				0983708B1B4BC072003AF4C2 /* ViewController.xib */,
				098370721B4BC018003AF4C2 /* Images.xcassets */,
				098370741B4BC018003AF4C2 /* LaunchScreen.xib */,
				098370691B4BC018003AF4C2 /* autoLayout____.xcdatamodeld */,
				098370621B4BC018003AF4C2 /* Supporting Files */,
			);
			path = "autoLayout登陆动画";
			sourceTree = "<group>";
		};
		098370621B4BC018003AF4C2 /* Supporting Files */ = {
			isa = PBXGroup;
			children = (
				098370631B4BC018003AF4C2 /* Info.plist */,
				098370641B4BC018003AF4C2 /* main.m */,
			);
			name = "Supporting Files";
			sourceTree = "<group>";
		};
		0983707E1B4BC019003AF4C2 /* autoLayout登陆动画Tests */ = {
			isa = PBXGroup;
			children = (
				098370811B4BC019003AF4C2 /* autoLayout____Tests.m */,
				0983707F1B4BC019003AF4C2 /* Supporting Files */,
			);
			path = "autoLayout登陆动画Tests";
			sourceTree = "<group>";
		};
		0983707F1B4BC019003AF4C2 /* Supporting Files */ = {
			isa = PBXGroup;
			children = (
				098370801B4BC019003AF4C2 /* Info.plist */,
			);
			name = "Supporting Files";
			sourceTree = "<group>";
		};
/* End PBXGroup section */

/* Begin PBXNativeTarget section */
		0983705E1B4BC018003AF4C2 /* autoLayout登陆动画 */ = {
			isa = PBXNativeTarget;
			buildConfigurationList = 098370851B4BC019003AF4C2 /* Build configuration list for PBXNativeTarget "autoLayout登陆动画" */;
			buildPhases = (
				0983705B1B4BC018003AF4C2 /* Sources */,
				0983705C1B4BC018003AF4C2 /* Frameworks */,
				0983705D1B4BC018003AF4C2 /* Resources */,
			);
			buildRules = (
			);
			dependencies = (
			);
			name = "autoLayout登陆动画";
			productName = "autoLayout登陆动画";
			productReference = 0983705F1B4BC018003AF4C2 /* autoLayout登陆动画.app */;
			productType = "com.apple.product-type.application";
		};
		0983707A1B4BC019003AF4C2 /* autoLayout登陆动画Tests */ = {
			isa = PBXNativeTarget;
			buildConfigurationList = 098370881B4BC019003AF4C2 /* Build configuration list for PBXNativeTarget "autoLayout登陆动画Tests" */;
			buildPhases = (
				098370771B4BC019003AF4C2 /* Sources */,
				098370781B4BC019003AF4C2 /* Frameworks */,
				098370791B4BC019003AF4C2 /* Resources */,
			);
			buildRules = (
			);
			dependencies = (
				0983707D1B4BC019003AF4C2 /* PBXTargetDependency */,
			);
			name = "autoLayout登陆动画Tests";
			productName = "autoLayout登陆动画Tests";
			productReference = 0983707B1B4BC019003AF4C2 /* autoLayout登陆动画Tests.xctest */;
			productType = "com.apple.product-type.bundle.unit-test";
		};
/* End PBXNativeTarget section */

/* Begin PBXProject section */
		098370571B4BC018003AF4C2 /* Project object */ = {
			isa = PBXProject;
			attributes = {
				LastUpgradeCheck = 0630;
				ORGANIZATIONNAME = "王志盼";
				TargetAttributes = {
					0983705E1B4BC018003AF4C2 = {
						CreatedOnToolsVersion = 6.3.2;
					};
					0983707A1B4BC019003AF4C2 = {
						CreatedOnToolsVersion = 6.3.2;
						TestTargetID = 0983705E1B4BC018003AF4C2;
					};
				};
			};
			buildConfigurationList = 0983705A1B4BC018003AF4C2 /* Build configuration list for PBXProject "autoLayout登陆动画" */;
			compatibilityVersion = "Xcode 3.2";
			developmentRegion = English;
			hasScannedForEncodings = 0;
			knownRegions = (
				en,
				Base,
			);
			mainGroup = 098370561B4BC018003AF4C2;
			productRefGroup = 098370601B4BC018003AF4C2 /* Products */;
			projectDirPath = "";
			projectRoot = "";
			targets = (
				0983705E1B4BC018003AF4C2 /* autoLayout登陆动画 */,
				0983707A1B4BC019003AF4C2 /* autoLayout登陆动画Tests */,
			);
		};
/* End PBXProject section */

/* Begin PBXResourcesBuildPhase section */
		0983705D1B4BC018003AF4C2 /* Resources */ = {
			isa = PBXResourcesBuildPhase;
			buildActionMask = 2147483647;
			files = (
				098370761B4BC018003AF4C2 /* LaunchScreen.xib in Resources */,
				0983708C1B4BC072003AF4C2 /* ViewController.xib in Resources */,
				098370731B4BC018003AF4C2 /* Images.xcassets in Resources */,
			);
			runOnlyForDeploymentPostprocessing = 0;
		};
		098370791B4BC019003AF4C2 /* Resources */ = {
			isa = PBXResourcesBuildPhase;
			buildActionMask = 2147483647;
			files = (
			);
			runOnlyForDeploymentPostprocessing = 0;
		};
/* End PBXResourcesBuildPhase section */

/* Begin PBXSourcesBuildPhase section */
		0983705B1B4BC018003AF4C2 /* Sources */ = {
			isa = PBXSourcesBuildPhase;
			buildActionMask = 2147483647;
			files = (
				0983708F1B4BCD12003AF4C2 /* NSLayoutConstraint+Extend.m in Sources */,
				0983706B1B4BC018003AF4C2 /* autoLayout____.xcdatamodeld in Sources */,
				098370681B4BC018003AF4C2 /* AppDelegate.m in Sources */,
				0983706E1B4BC018003AF4C2 /* ViewController.m in Sources */,
				098370651B4BC018003AF4C2 /* main.m in Sources */,
			);
			runOnlyForDeploymentPostprocessing = 0;
		};
		098370771B4BC019003AF4C2 /* Sources */ = {
			isa = PBXSourcesBuildPhase;
			buildActionMask = 2147483647;
			files = (
				098370821B4BC019003AF4C2 /* autoLayout____Tests.m in Sources */,
			);
			runOnlyForDeploymentPostprocessing = 0;
		};
/* End PBXSourcesBuildPhase section */

/* Begin PBXTargetDependency section */
		0983707D1B4BC019003AF4C2 /* PBXTargetDependency */ = {
			isa = PBXTargetDependency;
			target = 0983705E1B4BC018003AF4C2 /* autoLayout登陆动画 */;
			targetProxy = 0983707C1B4BC019003AF4C2 /* PBXContainerItemProxy */;
		};
/* End PBXTargetDependency section */

/* Begin PBXVariantGroup section */
		098370741B4BC018003AF4C2 /* LaunchScreen.xib */ = {
			isa = PBXVariantGroup;
			children = (
				098370751B4BC018003AF4C2 /* Base */,
			);
			name = LaunchScreen.xib;
			sourceTree = "<group>";
		};
/* End PBXVariantGroup section */

/* Begin XCBuildConfiguration section */
		098370831B4BC019003AF4C2 /* Debug */ = {
			isa = XCBuildConfiguration;
			buildSettings = {
				ALWAYS_SEARCH_USER_PATHS = NO;
				CLANG_CXX_LANGUAGE_STANDARD = "gnu++0x";
				CLANG_CXX_LIBRARY = "libc++";
				CLANG_ENABLE_MODULES = YES;
				CLANG_ENABLE_OBJC_ARC = YES;
				CLANG_WARN_BOOL_CONVERSION = YES;
				CLANG_WARN_CONSTANT_CONVERSION = YES;
				CLANG_WARN_DIRECT_OBJC_ISA_USAGE = YES_ERROR;
				CLANG_WARN_EMPTY_BODY = YES;
				CLANG_WARN_ENUM_CONVERSION = YES;
				CLANG_WARN_INT_CONVERSION = YES;
				CLANG_WARN_OBJC_ROOT_CLASS = YES_ERROR;
				CLANG_WARN_UNREACHABLE_CODE = YES;
				CLANG_WARN__DUPLICATE_METHOD_MATCH = YES;
				"CODE_SIGN_IDENTITY[sdk=iphoneos*]" = "iPhone Developer";
				COPY_PHASE_STRIP = NO;
				DEBUG_INFORMATION_FORMAT = "dwarf-with-dsym";
				ENABLE_STRICT_OBJC_MSGSEND = YES;
				GCC_C_LANGUAGE_STANDARD = gnu99;
				GCC_DYNAMIC_NO_PIC = NO;
				GCC_NO_COMMON_BLOCKS = YES;
				GCC_OPTIMIZATION_LEVEL = 0;
				GCC_PREPROCESSOR_DEFINITIONS = (
					"DEBUG=1",
					"$(inherited)",
				);
				GCC_SYMBOLS_PRIVATE_EXTERN = NO;
				GCC_WARN_64_TO_32_BIT_CONVERSION = YES;
				GCC_WARN_ABOUT_RETURN_TYPE = YES_ERROR;
				GCC_WARN_UNDECLARED_SELECTOR = YES;
				GCC_WARN_UNINITIALIZED_AUTOS = YES_AGGRESSIVE;
				GCC_WARN_UNUSED_FUNCTION = YES;
				GCC_WARN_UNUSED_VARIABLE = YES;
				IPHONEOS_DEPLOYMENT_TARGET = 8.3;
				MTL_ENABLE_DEBUG_INFO = YES;
				ONLY_ACTIVE_ARCH = YES;
				SDKROOT = iphoneos;
			};
			name = Debug;
		};
		098370841B4BC019003AF4C2 /* Release */ = {
			isa = XCBuildConfiguration;
			buildSettings = {
				ALWAYS_SEARCH_USER_PATHS = NO;
				CLANG_CXX_LANGUAGE_STANDARD = "gnu++0x";
				CLANG_CXX_LIBRARY = "libc++";
				CLANG_ENABLE_MODULES = YES;
				CLANG_ENABLE_OBJC_ARC = YES;
				CLANG_WARN_BOOL_CONVERSION = YES;
				CLANG_WARN_CONSTANT_CONVERSION = YES;
				CLANG_WARN_DIRECT_OBJC_ISA_USAGE = YES_ERROR;
				CLANG_WARN_EMPTY_BODY = YES;
				CLANG_WARN_ENUM_CONVERSION = YES;
				CLANG_WARN_INT_CONVERSION = YES;
				CLANG_WARN_OBJC_ROOT_CLASS = YES_ERROR;
				CLANG_WARN_UNREACHABLE_CODE = YES;
				CLANG_WARN__DUPLICATE_METHOD_MATCH = YES;
				"CODE_SIGN_IDENTITY[sdk=iphoneos*]" = "iPhone Developer";
				COPY_PHASE_STRIP = NO;
				DEBUG_INFORMATION_FORMAT = "dwarf-with-dsym";
				ENABLE_NS_ASSERTIONS = NO;
				ENABLE_STRICT_OBJC_MSGSEND = YES;
				GCC_C_LANGUAGE_STANDARD = gnu99;
				GCC_NO_COMMON_BLOCKS = YES;
				GCC_WARN_64_TO_32_BIT_CONVERSION = YES;
				GCC_WARN_ABOUT_RETURN_TYPE = YES_ERROR;
				GCC_WARN_UNDECLARED_SELECTOR = YES;
				GCC_WARN_UNINITIALIZED_AUTOS = YES_AGGRESSIVE;
				GCC_WARN_UNUSED_FUNCTION = YES;
				GCC_WARN_UNUSED_VARIABLE = YES;
				IPHONEOS_DEPLOYMENT_TARGET = 8.3;
				MTL_ENABLE_DEBUG_INFO = NO;
				SDKROOT = iphoneos;
				VALIDATE_PRODUCT = YES;
			};
			name = Release;
		};
		098370861B4BC019003AF4C2 /* Debug */ = {
			isa = XCBuildConfiguration;
			buildSettings = {
				ASSETCATALOG_COMPILER_APPICON_NAME = AppIcon;
				INFOPLIST_FILE = "autoLayout登陆动画/Info.plist";
				LD_RUNPATH_SEARCH_PATHS = "$(inherited) @executable_path/Frameworks";
				PRODUCT_NAME = "$(TARGET_NAME)";
			};
			name = Debug;
		};
		098370871B4BC019003AF4C2 /* Release */ = {
			isa = XCBuildConfiguration;
			buildSettings = {
				ASSETCATALOG_COMPILER_APPICON_NAME = AppIcon;
				INFOPLIST_FILE = "autoLayout登陆动画/Info.plist";
				LD_RUNPATH_SEARCH_PATHS = "$(inherited) @executable_path/Frameworks";
				PRODUCT_NAME = "$(TARGET_NAME)";
			};
			name = Release;
		};
		098370891B4BC019003AF4C2 /* Debug */ = {
			isa = XCBuildConfiguration;
			buildSettings = {
				BUNDLE_LOADER = "$(TEST_HOST)";
				FRAMEWORK_SEARCH_PATHS = (
					"$(SDKROOT)/Developer/Library/Frameworks",
					"$(inherited)",
				);
				GCC_PREPROCESSOR_DEFINITIONS = (
					"DEBUG=1",
					"$(inherited)",
				);
				INFOPLIST_FILE = "autoLayout登陆动画Tests/Info.plist";
				LD_RUNPATH_SEARCH_PATHS = "$(inherited) @executable_path/Frameworks @loader_path/Frameworks";
				PRODUCT_NAME = "$(TARGET_NAME)";
				TEST_HOST = "$(BUILT_PRODUCTS_DIR)/autoLayout登陆动画.app/autoLayout登陆动画";
			};
			name = Debug;
		};
		0983708A1B4BC019003AF4C2 /* Release */ = {
			isa = XCBuildConfiguration;
			buildSettings = {
				BUNDLE_LOADER = "$(TEST_HOST)";
				FRAMEWORK_SEARCH_PATHS = (
					"$(SDKROOT)/Developer/Library/Frameworks",
					"$(inherited)",
				);
				INFOPLIST_FILE = "autoLayout登陆动画Tests/Info.plist";
				LD_RUNPATH_SEARCH_PATHS = "$(inherited) @executable_path/Frameworks @loader_path/Frameworks";
				PRODUCT_NAME = "$(TARGET_NAME)";
				TEST_HOST = "$(BUILT_PRODUCTS_DIR)/autoLayout登陆动画.app/autoLayout登陆动画";
			};
			name = Release;
		};
/* End XCBuildConfiguration section */

/* Begin XCConfigurationList section */
		0983705A1B4BC018003AF4C2 /* Build configuration list for PBXProject "autoLayout登陆动画" */ = {
			isa = XCConfigurationList;
			buildConfigurations = (
				098370831B4BC019003AF4C2 /* Debug */,
				098370841B4BC019003AF4C2 /* Release */,
			);
			defaultConfigurationIsVisible = 0;
			defaultConfigurationName = Release;
		};
		098370851B4BC019003AF4C2 /* Build configuration list for PBXNativeTarget "autoLayout登陆动画" */ = {
			isa = XCConfigurationList;
			buildConfigurations = (
				098370861B4BC019003AF4C2 /* Debug */,
				098370871B4BC019003AF4C2 /* Release */,
			);
			defaultConfigurationIsVisible = 0;
		};
		098370881B4BC019003AF4C2 /* Build configuration list for PBXNativeTarget "autoLayout登陆动画Tests" */ = {
			isa = XCConfigurationList;
			buildConfigurations = (
				098370891B4BC019003AF4C2 /* Debug */,
				0983708A1B4BC019003AF4C2 /* Release */,
			);
			defaultConfigurationIsVisible = 0;
		};
/* End XCConfigurationList section */

/* Begin XCVersionGroup section */
		098370691B4BC018003AF4C2 /* autoLayout____.xcdatamodeld */ = {
			isa = XCVersionGroup;
			children = (
				0983706A1B4BC018003AF4C2 /* autoLayout____.xcdatamodel */,
			);
			currentVersion = 0983706A1B4BC018003AF4C2 /* autoLayout____.xcdatamodel */;
			path = "autoLayout____.xcdatamodeld";
			sourceTree = "<group>";
			versionGroupType = wrapper.xcdatamodel;
		};
/* End XCVersionGroup section */
	};
	rootObject = 098370571B4BC018003AF4C2 /* Project object */;
}
